<?xml version="1.0" encoding="utf-8"?>
<Project ToolsVersion="4.0" xmlns="http://schemas.microsoft.com/developer/msbuild/2003">
  <ItemGroup>
    <Filter Include="GameSystem">
      <UniqueIdentifier>{feb15d50-f0a3-4a2a-be7e-cbfa9d02889e}</UniqueIdentifier>
    </Filter>
    <Filter Include="Platform">
      <UniqueIdentifier>{f2d2bef6-6a93-42f4-a584-9d867aab6556}</UniqueIdentifier>
    </Filter>
    <Filter Include="Policies">
      <UniqueIdentifier>{c3ad9113-9ee0-45b8-b882-24d54944f5c5}</UniqueIdentifier>
    </Filter>
    <Filter Include="Utilities">
      <UniqueIdentifier>{0c0c43dc-afd1-4c7b-90b6-5f378e5df497}</UniqueIdentifier>
    </Filter>
    <Filter Include="Utilities\LinkedReference">
      <UniqueIdentifier>{48355845-199f-4c2d-95b9-587c1093496d}</UniqueIdentifier>
    </Filter>
    <Filter Include="Dynamic">
      <UniqueIdentifier>{f8206e13-7039-440b-bb6a-086842279ac3}</UniqueIdentifier>
    </Filter>
  </ItemGroup>
  <ItemGroup>
    <ClInclude Include="..\..\src\framework\GameSystem\Grid.h">
      <Filter>GameSystem</Filter>
    </ClInclude>
    <ClInclude Include="..\..\src\framework\GameSystem\GridLoader.h">
      <Filter>GameSystem</Filter>
    </ClInclude>
    <ClInclude Include="..\..\src\framework\GameSystem\GridReference.h">
      <Filter>GameSystem</Filter>
    </ClInclude>
    <ClInclude Include="..\..\src\framework\GameSystem\GridRefManager.h">
      <Filter>GameSystem</Filter>
    </ClInclude>
    <ClInclude Include="..\..\src\framework\GameSystem\NGrid.h">
      <Filter>GameSystem</Filter>
    </ClInclude>
    <ClInclude Include="..\..\src\framework\GameSystem\TypeContainer.h">
      <Filter>GameSystem</Filter>
    </ClInclude>
    <ClInclude Include="..\..\src\framework\GameSystem\TypeContainerFunctions.h">
      <Filter>GameSystem</Filter>
    </ClInclude>
    <ClInclude Include="..\..\src\framework\GameSystem\TypeContainerVisitor.h">
      <Filter>GameSystem</Filter>
    </ClInclude>
    <ClInclude Include="..\..\src\framework\Platform\CompilerDefs.h">
      <Filter>Platform</Filter>
    </ClInclude>
    <ClInclude Include="..\..\src\framework\Platform\Define.h">
      <Filter>Platform</Filter>
    </ClInclude>
    <ClInclude Include="..\..\src\framework\Utilities\ByteConverter.h">
      <Filter>Utilities</Filter>
    </ClInclude>
    <ClInclude Include="..\..\src\framework\Utilities\Callback.h">
      <Filter>Utilities</Filter>
    </ClInclude>
    <ClInclude Include="..\..\src\framework\Utilities\EventProcessor.h">
      <Filter>Utilities</Filter>
    </ClInclude>
    <ClInclude Include="..\..\src\framework\Utilities\LinkedList.h">
      <Filter>Utilities</Filter>
    </ClInclude>
    <ClInclude Include="..\..\src\framework\Utilities\TypeList.h">
      <Filter>Utilities</Filter>
    </ClInclude>
    <ClInclude Include="..\..\src\framework\Utilities\UnorderedMap.h">
      <Filter>Utilities</Filter>
    </ClInclude>
    <ClInclude Include="..\..\src\framework\Utilities\LinkedReference\Reference.h">
      <Filter>Utilities\LinkedReference</Filter>
    </ClInclude>
    <ClInclude Include="..\..\src\framework\Utilities\LinkedReference\RefManager.h">
      <Filter>Utilities\LinkedReference</Filter>
    </ClInclude>
    <ClInclude Include="..\..\src\framework\Dynamic\FactoryHolder.h">
      <Filter>Dynamic</Filter>
    </ClInclude>
    <ClInclude Include="..\..\src\framework\Dynamic\ObjectRegistry.h">
      <Filter>Dynamic</Filter>
    </ClInclude>
    <ClInclude Include="..\..\src\shared\LockedVector.h">
      <Filter>Utilities</Filter>
    </ClInclude>
  </ItemGroup>
  <ItemGroup>
    <ClCompile Include="..\..\src\framework\Policies\MemoryManagement.cpp">
      <Filter>Policies</Filter>
    </ClCompile>
    <ClCompile Include="..\..\src\framework\Utilities\EventProcessor.cpp">
      <Filter>Utilities</Filter>
    </ClCompile>
  </ItemGroup>
</Project>