<?xml version="1.0" encoding="utf-8"?>
<Project ToolsVersion="4.0" xmlns="http://schemas.microsoft.com/developer/msbuild/2003">
  <ItemGroup>
    <Filter Include="doc">
      <UniqueIdentifier>{c9298846-540e-4c6c-bf08-9881b7c593db}</UniqueIdentifier>
    </Filter>
  </ItemGroup>
  <ItemGroup>
    <None Include="..\..\Readme">
      <Filter>doc</Filter>
    </None>
    <None Include="..\..\src\Looking4GroupCore\looking4groupcore.conf.dist" />
  </ItemGroup>
  <ItemGroup>
    <ClCompile Include="..\..\src\trinitycore\CliRunnable.cpp" />
    <ClCompile Include="..\..\src\trinitycore\Main.cpp" />
    <ClCompile Include="..\..\src\trinitycore\Master.cpp" />
    <ClCompile Include="..\..\src\shared\WheatyExceptionReport.cpp" />
    <ClCompile Include="..\..\src\trinitycore\WorldRunnable.cpp" />
  </ItemGroup>
  <ItemGroup>
    <ClInclude Include="..\..\src\trinitycore\CliRunnable.h" />
    <ClInclude Include="..\..\src\trinitycore\Master.h" />
    <ClInclude Include="..\..\src\trinitycore\resource.h" />
    <ClInclude Include="..\..\src\shared\WheatyExceptionReport.h" />
    <ClInclude Include="..\..\src\trinitycore\WorldRunnable.h" />
  </ItemGroup>
  <ItemGroup>
    <ResourceCompile Include="..\..\src\Looking4GroupCore\Looking4GroupCore.rc" />
  </ItemGroup>
</Project>